schema: '2.0'
stages:
  train:
    cmd: bash run.sh python -m radioml.train
    deps:
    - path: activations.py
      hash: md5
      md5: f528b1e97dfd8b8f2952306a4ccdb5f3
      size: 298
    - path: attention.py
      hash: md5
      md5: f9dcfe32256c4b182ec97853c29744e8
      size: 7516
    - path: blocks.py
      hash: md5
      md5: 61cb22fba566aa9cc8c9ca39c43cf496
      size: 21569
    - path: embedding.py
      hash: md5
      md5: 7ed092ae5710f20058b64ebbd7215126
      size: 2698
    - path: encoding.py
      hash: md5
      md5: 481854c553f5991907217d8981931d6c
      size: 8840
    - path: lazy.py
      hash: md5
      md5: dc8537c6a3615ea74c2d1db381974a55
      size: 5162
    - path: quant.py
      hash: md5
      md5: 861ee87e24d388efec8bc21cc3df989e
      size: 1221
    - path: radioml/dataset.py
      hash: md5
      md5: 098d3a3ea30571b048605c4de0818496
      size: 5248
    - path: radioml/model.py
      hash: md5
      md5: 5a4886e4c0c47cb50015452f29d3639b
      size: 7032
    - path: radioml/train.py
      hash: md5
      md5: 93279196d9688d343eb631b0b38af1a1
      size: 7487
    - path: utils.py
      hash: md5
      md5: f84dabfd10a04e1bb70b41d6be638042
      size: 381
    params:
      radioml/params.yaml:
        dataset:
          signal_to_noise_ratios:
          - -6
          - -4
          - -2
          - 0
          - 2
          - 4
          - 6
          - 8
          - 10
          - 12
          - 14
          - 16
          - 18
          - 20
          - 22
          - 24
          - 26
          - 28
          - 30
          splits:
          - 0.7
          - 0.15
          - 0.15
          seed: 12
          reshape:
          - 1
          - 1024
          - 2
        model:
          num_classes: 24
          embedding:
            patches:
            - 1
            - 64
            kernel_size:
            - 1
            - 16
            stride:
            - 1
            - 16
            activation: relu
            bits:
          positional: binary
          configuration: original
          num_layers: 1
          num_heads: 4
          emb_dim: 32
          expansion_dim: 128
          bits:
          activation: relu
          norm: batch-norm
          norm_placement: post-norm
          dropout: 0.0
        seed: 12
        tag: baseline
        train:
          epochs: 1
          batch_size: 512
          optimizer:
            algorithm: adam
            lr: 0.001
            weight_decay: 0.0
            betas:
            - 0.9
            - 0.98
            eps: 1e-08
          criterion: cross-entropy
          scheduler:
            factor: 0.1
            patience: 10
          loader:
            shuffle: true
            num_workers: 32
            prefetch_factor: 4
            persistent_workers: false
            pin_memory: true
            drop_last: true
    outs:
    - path: outputs/radioml/loss.yaml
      hash: md5
      md5: f9ca0f6ae2114b48626a17bf10350eac
      size: 60
    - path: outputs/radioml/lr.yaml
      hash: md5
      md5: fe56fdb7ca72a49132bad591666f3494
      size: 22
    - path: outputs/radioml/model.pt
      hash: md5
      md5: dc75cb8e26fb98944eff3e543af53624
      size: 71760
    - path: outputs/radioml/optimizer.pt
      hash: md5
      md5: 3af0ef0983bd5d1d378cd0a2e50fd2b0
      size: 131129
  eval:
    cmd: bash run.sh python -m radioml.eval
    deps:
    - path: activations.py
      hash: md5
      md5: f528b1e97dfd8b8f2952306a4ccdb5f3
      size: 298
    - path: attention.py
      hash: md5
      md5: f9dcfe32256c4b182ec97853c29744e8
      size: 7516
    - path: blocks.py
      hash: md5
      md5: 61cb22fba566aa9cc8c9ca39c43cf496
      size: 21569
    - path: embedding.py
      hash: md5
      md5: 7ed092ae5710f20058b64ebbd7215126
      size: 2698
    - path: encoding.py
      hash: md5
      md5: 481854c553f5991907217d8981931d6c
      size: 8840
    - path: lazy.py
      hash: md5
      md5: dc8537c6a3615ea74c2d1db381974a55
      size: 5162
    - path: outputs/radioml/model.pt
      hash: md5
      md5: dc75cb8e26fb98944eff3e543af53624
      size: 71760
    - path: quant.py
      hash: md5
      md5: 861ee87e24d388efec8bc21cc3df989e
      size: 1221
    - path: radioml/dataset.py
      hash: md5
      md5: 098d3a3ea30571b048605c4de0818496
      size: 5248
    - path: radioml/eval.py
      hash: md5
      md5: a08df571602a00ee876d99bd274e7210
      size: 4240
    - path: radioml/model.py
      hash: md5
      md5: 5a4886e4c0c47cb50015452f29d3639b
      size: 7032
    - path: utils.py
      hash: md5
      md5: f84dabfd10a04e1bb70b41d6be638042
      size: 381
    params:
      radioml/params.yaml:
        dataset:
          signal_to_noise_ratios:
          - -6
          - -4
          - -2
          - 0
          - 2
          - 4
          - 6
          - 8
          - 10
          - 12
          - 14
          - 16
          - 18
          - 20
          - 22
          - 24
          - 26
          - 28
          - 30
          splits:
          - 0.7
          - 0.15
          - 0.15
          seed: 12
          reshape:
          - 1
          - 1024
          - 2
        eval:
          batch_size: 512
          loader:
            num_workers: 8
            prefetch_factor: 8
            pin_memory: true
            drop_last: false
        model:
          num_classes: 24
          embedding:
            patches:
            - 1
            - 64
            kernel_size:
            - 1
            - 16
            stride:
            - 1
            - 16
            activation: relu
            bits:
          positional: binary
          configuration: original
          num_layers: 1
          num_heads: 4
          emb_dim: 32
          expansion_dim: 128
          bits:
          activation: relu
          norm: batch-norm
          norm_placement: post-norm
          dropout: 0.0
        seed: 12
        tag: baseline
    outs:
    - path: outputs/radioml/accuracy.yaml
      hash: md5
      md5: ed520fbaf3a23060652f8d801ca592d0
      size: 22
    - path: outputs/radioml/classes.csv
      hash: md5
      md5: b862d25a9addbcda0084cb53c7e4e180
      size: 46715
  export:
    cmd: python -m radioml.export
    deps:
    - path: activations.py
      hash: md5
      md5: f528b1e97dfd8b8f2952306a4ccdb5f3
      size: 298
    - path: attention.py
      hash: md5
      md5: f9dcfe32256c4b182ec97853c29744e8
      size: 7516
    - path: blocks.py
      hash: md5
      md5: 61cb22fba566aa9cc8c9ca39c43cf496
      size: 21569
    - path: embedding.py
      hash: md5
      md5: 7ed092ae5710f20058b64ebbd7215126
      size: 2698
    - path: encoding.py
      hash: md5
      md5: 481854c553f5991907217d8981931d6c
      size: 8840
    - path: lazy.py
      hash: md5
      md5: dc8537c6a3615ea74c2d1db381974a55
      size: 5162
    - path: outputs/radioml/model.pt
      hash: md5
      md5: dc75cb8e26fb98944eff3e543af53624
      size: 71760
    - path: quant.py
      hash: md5
      md5: 861ee87e24d388efec8bc21cc3df989e
      size: 1221
    - path: radioml/dataset.py
      hash: md5
      md5: 098d3a3ea30571b048605c4de0818496
      size: 5248
    - path: radioml/export.py
      hash: md5
      md5: 29881b8ba23bf16897649a373576088c
      size: 5446
    - path: radioml/model.py
      hash: md5
      md5: 5a4886e4c0c47cb50015452f29d3639b
      size: 7032
    - path: utils.py
      hash: md5
      md5: f84dabfd10a04e1bb70b41d6be638042
      size: 381
    params:
      radioml/params.yaml:
        batch_sizes:
        - 1
        - 2
        - 4
        - 8
        - 16
        - 32
        - 64
        - 128
        - 256
        - 512
        - 1024
        dataset:
          signal_to_noise_ratios:
          - -6
          - -4
          - -2
          - 0
          - 2
          - 4
          - 6
          - 8
          - 10
          - 12
          - 14
          - 16
          - 18
          - 20
          - 22
          - 24
          - 26
          - 28
          - 30
          splits:
          - 0.7
          - 0.15
          - 0.15
          seed: 12
          reshape:
          - 1
          - 1024
          - 2
        export:
          split_heads: false
          opset_version: 18
          do_constant_folding: true
          batch_size: 1
          dynamo: false
          external_data: false
          optimize: false
        model:
          num_classes: 24
          embedding:
            patches:
            - 1
            - 64
            kernel_size:
            - 1
            - 16
            stride:
            - 1
            - 16
            activation: relu
            bits:
          positional: binary
          configuration: original
          num_layers: 1
          num_heads: 4
          emb_dim: 32
          expansion_dim: 128
          bits:
          activation: relu
          norm: batch-norm
          norm_placement: post-norm
          dropout: 0.0
        model_int8:
          num_classes: 24
          embedding:
            patches:
            - 1
            - 64
            kernel_size:
            - 1
            - 16
            stride:
            - 1
            - 16
            activation: relu
            bits: 8
          positional: binary
          configuration: original
          num_layers: 1
          num_heads: 4
          emb_dim: 32
          expansion_dim: 128
          bits: 8
          activation: relu
          norm: batch-norm
          norm_placement: post-norm
          dropout: 0.0
        seed: 12
        tag: baseline
    outs:
    - path: outputs/radioml/inp.npy
      hash: md5
      md5: 35d5e614c7ef960d6c51bdc193c12e08
      size: 8320
    - path: outputs/radioml/model.onnx
      hash: md5
      md5: a76a4413995ffcbd84295455c2e8c159
      size: 75075
    - path: outputs/radioml/model_dynamic_batchsize.onnx
      hash: md5
      md5: 28ff5e32b3d381eb0923327ffd8329c0
      size: 87734
    - path: outputs/radioml/out.npy
      hash: md5
      md5: cf634b3731aa6a02ce5215cbacea79ab
      size: 136
  measure_32FP:
    cmd: FP16=0 python radioml/measure.py
    deps:
    - path: inputs/radioml/model_dynamic_batchsize.onnx
      hash: md5
      md5: 85eb1af8b295f98be5f650fca54637f0
      size: 87734
    - path: radioml/latency_throughput_log.py
      hash: md5
      md5: 33e5a4221a8fc349b0fe98857b2fa59e
      size: 1473
    - path: radioml/measure.py
      hash: md5
      md5: d636eb4794bf943f517dd61b7b979019
      size: 27355
    params:
      radioml/params.yaml:
        batch_sizes:
        - 1
        - 2
        - 4
        - 8
        - 16
        - 32
        - 64
        - 128
        - 256
        - 512
        - 1024
    outs:
    - path: outputs/radioml/throughput/FP32/latency_results.json
      hash: md5
      md5: b2f01ff0a52aa83154a477ce79d017bc
      size: 3583
    - path: outputs/radioml/throughput/FP32/latency_results_batch.json
      hash: md5
      md5: 19fbdb583008803c408feda4d7bbb628
      size: 3537
    - path: outputs/radioml/throughput/FP32/latency_throughput.json
      hash: md5
      md5: 62bf80fae6f639fdd39df36ba115ee66
      size: 1333
    - path: outputs/radioml/throughput/FP32/throughput_results.json
      hash: md5
      md5: b95dad6dbbeeffe545dc039dd076fb76
      size: 1629
    - path: outputs/radioml/throughput/FP32/throughput_results_2.json
      hash: md5
      md5: b95dad6dbbeeffe545dc039dd076fb76
      size: 1629
  measure_16FP:
    cmd: FP16=1 python radioml/measure.py
    deps:
    - path: inputs/radioml/model_dynamic_batchsize.onnx
      hash: md5
      md5: 85eb1af8b295f98be5f650fca54637f0
      size: 87734
    - path: radioml/latency_throughput_log.py
      hash: md5
      md5: 33e5a4221a8fc349b0fe98857b2fa59e
      size: 1473
    - path: radioml/measure.py
      hash: md5
      md5: d636eb4794bf943f517dd61b7b979019
      size: 27355
    params:
      radioml/params.yaml:
        batch_sizes:
        - 1
        - 2
        - 4
        - 8
        - 16
        - 32
        - 64
        - 128
        - 256
        - 512
        - 1024
    outs:
    - path: outputs/radioml/throughput/FP16/latency_results.json
      hash: md5
      md5: b7507302ed1b4f105a27539024bd68e5
      size: 3574
    - path: outputs/radioml/throughput/FP16/latency_results_batch.json
      hash: md5
      md5: 65d44ad2f70d9768fb647ee80a8e55b2
      size: 3537
    - path: outputs/radioml/throughput/FP16/latency_throughput.json
      hash: md5
      md5: c586fff21682e7d59b76dd71d6913144
      size: 1337
    - path: outputs/radioml/throughput/FP16/throughput_results.json
      hash: md5
      md5: c1dbe1aaea66486afe71da3f2eaba391
      size: 1628
    - path: outputs/radioml/throughput/FP16/throughput_results_2.json
      hash: md5
      md5: c1dbe1aaea66486afe71da3f2eaba391
      size: 1628
  train_fp32:
    cmd: bash run.sh python -m radioml.train
    deps:
    - path: activations.py
      hash: md5
      md5: f528b1e97dfd8b8f2952306a4ccdb5f3
      size: 298
    - path: attention.py
      hash: md5
      md5: f9dcfe32256c4b182ec97853c29744e8
      size: 7516
    - path: blocks.py
      hash: md5
      md5: 61cb22fba566aa9cc8c9ca39c43cf496
      size: 21569
    - path: embedding.py
      hash: md5
      md5: 7ed092ae5710f20058b64ebbd7215126
      size: 2698
    - path: encoding.py
      hash: md5
      md5: 481854c553f5991907217d8981931d6c
      size: 8840
    - path: lazy.py
      hash: md5
      md5: dc8537c6a3615ea74c2d1db381974a55
      size: 5162
    - path: quant.py
      hash: md5
      md5: 861ee87e24d388efec8bc21cc3df989e
      size: 1221
    - path: radioml/dataset.py
      hash: md5
      md5: 098d3a3ea30571b048605c4de0818496
      size: 5248
    - path: radioml/model.py
      hash: md5
      md5: 5a4886e4c0c47cb50015452f29d3639b
      size: 7032
    - path: radioml/train.py
      hash: md5
      md5: 4aaff20da138c81940a7cc71ac3d60ff
      size: 6981
    - path: utils.py
      hash: md5
      md5: f84dabfd10a04e1bb70b41d6be638042
      size: 381
    params:
      radioml/params.yaml:
        dataset:
          signal_to_noise_ratios:
          - -6
          - -4
          - -2
          - 0
          - 2
          - 4
          - 6
          - 8
          - 10
          - 12
          - 14
          - 16
          - 18
          - 20
          - 22
          - 24
          - 26
          - 28
          - 30
          splits:
          - 0.7
          - 0.15
          - 0.15
          seed: 12
          reshape:
          - 1
          - 1024
          - 2
        model:
          num_classes: 24
          embedding:
            patches:
            - 1
            - 64
            kernel_size:
            - 1
            - 16
            stride:
            - 1
            - 16
            activation: relu
            bits:
          positional: binary
          configuration: original
          num_layers: 1
          num_heads: 4
          emb_dim: 32
          expansion_dim: 128
          bits:
          activation: relu
          norm: batch-norm
          norm_placement: post-norm
          dropout: 0.0
        seed: 12
        tag: baseline
        train:
          epochs: 1
          batch_size: 512
          optimizer:
            algorithm: adam
            lr: 0.001
            weight_decay: 0.0
            betas:
            - 0.9
            - 0.98
            eps: 1e-08
          criterion: cross-entropy
          scheduler:
            factor: 0.1
            patience: 10
          loader:
            shuffle: true
            num_workers: 32
            prefetch_factor: 4
            persistent_workers: false
            pin_memory: true
            drop_last: true
    outs:
    - path: outputs/radioml/loss.yaml
      hash: md5
      md5: f9ca0f6ae2114b48626a17bf10350eac
      size: 60
    - path: outputs/radioml/lr.yaml
      hash: md5
      md5: fe56fdb7ca72a49132bad591666f3494
      size: 22
    - path: outputs/radioml/model.pt
      hash: md5
      md5: dc75cb8e26fb98944eff3e543af53624
      size: 71760
    - path: outputs/radioml/optimizer.pt
      hash: md5
      md5: 3af0ef0983bd5d1d378cd0a2e50fd2b0
      size: 131129
  train_INT8:
    cmd: INT8=1 bash run.sh python -m radioml.train
    deps:
    - path: activations.py
      hash: md5
      md5: f528b1e97dfd8b8f2952306a4ccdb5f3
      size: 298
    - path: attention.py
      hash: md5
      md5: f9dcfe32256c4b182ec97853c29744e8
      size: 7516
    - path: blocks.py
      hash: md5
      md5: 61cb22fba566aa9cc8c9ca39c43cf496
      size: 21569
    - path: embedding.py
      hash: md5
      md5: 7ed092ae5710f20058b64ebbd7215126
      size: 2698
    - path: encoding.py
      hash: md5
      md5: 481854c553f5991907217d8981931d6c
      size: 8840
    - path: lazy.py
      hash: md5
      md5: dc8537c6a3615ea74c2d1db381974a55
      size: 5162
    - path: quant.py
      hash: md5
      md5: 861ee87e24d388efec8bc21cc3df989e
      size: 1221
    - path: radioml/dataset.py
      hash: md5
      md5: 098d3a3ea30571b048605c4de0818496
      size: 5248
    - path: radioml/model.py
      hash: md5
      md5: 5a4886e4c0c47cb50015452f29d3639b
      size: 7032
    - path: radioml/train.py
      hash: md5
      md5: 93279196d9688d343eb631b0b38af1a1
      size: 7487
    - path: utils.py
      hash: md5
      md5: f84dabfd10a04e1bb70b41d6be638042
      size: 381
    params:
      radioml/params.yaml:
        dataset:
          signal_to_noise_ratios:
          - -6
          - -4
          - -2
          - 0
          - 2
          - 4
          - 6
          - 8
          - 10
          - 12
          - 14
          - 16
          - 18
          - 20
          - 22
          - 24
          - 26
          - 28
          - 30
          splits:
          - 0.7
          - 0.15
          - 0.15
          seed: 12
          reshape:
          - 1
          - 1024
          - 2
        model_int8:
          num_classes: 24
          embedding:
            patches:
            - 1
            - 64
            kernel_size:
            - 1
            - 16
            stride:
            - 1
            - 16
            activation: relu
            bits: 8
          positional: binary
          configuration: original
          num_layers: 1
          num_heads: 4
          emb_dim: 32
          expansion_dim: 128
          bits: 8
          activation: relu
          norm: batch-norm
          norm_placement: post-norm
          dropout: 0.0
        seed: 12
        tag: baseline
        train:
          epochs: 1
          batch_size: 512
          optimizer:
            algorithm: adam
            lr: 0.001
            weight_decay: 0.0
            betas:
            - 0.9
            - 0.98
            eps: 1e-08
          criterion: cross-entropy
          scheduler:
            factor: 0.1
            patience: 10
          loader:
            shuffle: true
            num_workers: 32
            prefetch_factor: 4
            persistent_workers: false
            pin_memory: true
            drop_last: true
    outs:
    - path: outputs/radioml/model_int8.pt
      hash: md5
      md5: 375215e78c8366644a77604f657bed1d
      size: 145653
    - path: outputs/radioml/optimizer_int8.pt
      hash: md5
      md5: 1e46babc2b4903b0fc322077bcf59251
      size: 143129
  measure_INT8_brevitas:
    cmd: INT8=1 python radioml/measure.py
    deps:
    - path: plot_templates/bar_1_INT8.json
      hash: md5
      md5: 0f3387ecb936bbbce88fc30f93f52b52
      size: 517
    - path: plot_templates/bar_2_INT8.json
      hash: md5
      md5: 079cf62477a8b45cfd74c52f9c826f00
      size: 528
    - path: plot_templates/bar_3_INT8.json
      hash: md5
      md5: efcba2a3e957dcb04b4f53d7d30c8770
      size: 613
    - path: plot_templates/bar_4_INT8.json
      hash: md5
      md5: 9a82c709579ef72d64518fa009ddee1f
      size: 629
    - path: radioml/latency_throughput_log.py
      hash: md5
      md5: 33e5a4221a8fc349b0fe98857b2fa59e
      size: 1473
    - path: radioml/measure.py
      hash: md5
      md5: d636eb4794bf943f517dd61b7b979019
      size: 27355
    params:
      radioml/params.yaml:
        batch_sizes:
        - 1
        - 2
        - 4
        - 8
        - 16
        - 32
        - 64
        - 128
        - 256
        - 512
        - 1024
    outs:
    - path: outputs/radioml/eval_results/accuracy_INT8.json
      hash: md5
      md5: 10a016288a46de0309df44a665cd55ff
      size: 56
    - path: outputs/radioml/throughput/INT8/latency_results.json
      hash: md5
      md5: 440d598e516f94df77cdad7a8ec94209
      size: 3579
    - path: outputs/radioml/throughput/INT8/latency_results_batch.json
      hash: md5
      md5: 42cd7a44db8bc4cc4c89724c73ebf56f
      size: 3535
    - path: outputs/radioml/throughput/INT8/latency_throughput.json
      hash: md5
      md5: 366555afa67a92c161c02f47df79ff19
      size: 1340
    - path: outputs/radioml/throughput/INT8/throughput_results.json
      hash: md5
      md5: 262a7d536b17876c5b8a2c7e141f8a43
      size: 1629
    - path: outputs/radioml/throughput/INT8/throughput_results_2.json
      hash: md5
      md5: 262a7d536b17876c5b8a2c7e141f8a43
      size: 1629
  quantize_tensorrt_INT8:
    cmd: python radioml/quantize_tensorrt.py
    deps:
    - path: outputs/radioml/model_dynamic_batchsize.onnx
      hash: md5
      md5: 28ff5e32b3d381eb0923327ffd8329c0
      size: 87734
    - path: radioml/quantize_tensorrt.py
      hash: md5
      md5: 92675be6c5b1c0a60acb051ad227a02e
      size: 4253
    params:
      radioml/params.yaml:
        batch_sizes:
        - 1
        - 2
        - 4
        - 8
        - 16
        - 32
        - 64
        - 128
        - 256
        - 512
        - 1024
    outs:
    - path: outputs/radioml/engines
      hash: md5
      md5: b78ff387ee3dd272ce119f5afa2c45fe.dir
      size: 4782324
      nfiles: 11
  measure_INT8_tensorrt:
    cmd: python radioml/measure_8bit.py
    deps:
    - path: outputs/radioml/engines
      hash: md5
      md5: b78ff387ee3dd272ce119f5afa2c45fe.dir
      size: 4782324
      nfiles: 11
    - path: plot_templates/bar_1_INT8_tensorrt.json
      hash: md5
      md5: 19dcb563971f252cf2a81723e892d31b
      size: 527
    - path: plot_templates/bar_2_INT8_tensorrt.json
      hash: md5
      md5: 07c97dc8993669e7e12d788a5fe93364
      size: 538
    - path: plot_templates/bar_3_INT8_tensorrt.json
      hash: md5
      md5: e8412ad756faf664cd32da40642868d1
      size: 623
    - path: plot_templates/bar_4_INT8_tensorrt.json
      hash: md5
      md5: a4a94b5e313ab0a49fc7a80412d7743f
      size: 639
    - path: radioml/measure_8bit.py
      hash: md5
      md5: 638ae3cb86c1660cef6fe6c040134b19
      size: 15514
    params:
      radioml/params.yaml:
        batch_sizes:
        - 1
        - 2
        - 4
        - 8
        - 16
        - 32
        - 64
        - 128
        - 256
        - 512
        - 1024
    outs:
    - path: outputs/radioml/eval_results/accuracy_INT8_tensorrt.json
      hash: md5
      md5: 06dfde095ad808a247590a030417a6fc
      size: 62
    - path: outputs/radioml/throughput/INT8_tensorrt/latency_results.json
      hash: md5
      md5: 9e0d51c1867d34dd00ebb63d781e7a95
      size: 3588
    - path: outputs/radioml/throughput/INT8_tensorrt/latency_results_batch.json
      hash: md5
      md5: 4fa28c7aedcdbccfd326b0dac7c62bc9
      size: 3542
    - path: outputs/radioml/throughput/INT8_tensorrt/throughput_results.json
      hash: md5
      md5: c5b92334e550deb06caff465e64cc1a3
      size: 1629
    - path: outputs/radioml/throughput/INT8_tensorrt/throughput_results_2.json
      hash: md5
      md5: c5b92334e550deb06caff465e64cc1a3
      size: 1629
  accuracy_comparison:
    cmd: python radioml/accuracy_comparison.py
    deps:
    - path: outputs/radioml/eval_results/accuracy_FP16.json
      hash: md5
      md5: f185a20fc1ccd0be67ffe1312230d4ca
      size: 56
    - path: outputs/radioml/eval_results/accuracy_FP32.json
      hash: md5
      md5: 61d0ecf9dc5d7ba853ddd1c32daddcae
      size: 56
    - path: outputs/radioml/eval_results/accuracy_INT8.json
      hash: md5
      md5: 10a016288a46de0309df44a665cd55ff
      size: 56
    - path: radioml/accuracy_comparison.py
      hash: md5
      md5: 0a0ab73da5fc721c56bfe2fb191c6b4a
      size: 901
    params:
      radioml/params.yaml:
        batch_sizes:
        - 1
        - 2
        - 4
        - 8
        - 16
        - 32
        - 64
        - 128
        - 256
        - 512
        - 1024
    outs:
    - path: outputs/radioml/eval_results/accuracy.json
      hash: md5
      md5: 307e60018dd8d91b312f3914cacf0f60
      size: 224
  energy_measure:
    cmd: python radioml/energy_tegrastats.py
    deps:
    - path: radioml/energy_tegrastats.py
      hash: md5
      md5: a3bbc045c57425060c49c365578f8daa
      size: 15001
    - path: radioml/parse_tegrastats_to_json.py
      hash: md5
      md5: cad72f2257b746dde06cfebe03118ea4
      size: 4953
    outs:
    - path: outputs/radioml/energy_metrics/energy_consumption.json
      hash: md5
      md5: 98a9f3a650106fbec9beb9b3d4ad338d
      size: 4212
    - path: outputs/radioml/energy_metrics/energy_consumption_2.json
      hash: md5
      md5: 98a9f3a650106fbec9beb9b3d4ad338d
      size: 4212
    - path: outputs/radioml/energy_metrics/energy_metrics.json
      hash: md5
      md5: 18551fb71450ef761f7cde43bb428bcd
      size: 7214
    - path: outputs/radioml/energy_metrics/ram_metrics.json
      hash: md5
      md5: dab12d6580552b629d0c07500399122c
      size: 1427
    - path: outputs/radioml/energy_metrics/ram_metrics_2.json
      hash: md5
      md5: dab12d6580552b629d0c07500399122c
      size: 1427
    - path: outputs/radioml/energy_metrics/tegrastats.log
      hash: md5
      md5: 339b08c835116d9a271eb48d821dd80d
      size: 6748
  energy_measure_FP32:
    cmd: python radioml/tegrastats.py
    deps:
    - path: radioml/parse_tegrastats_to_json.py
      hash: md5
      md5: bbc1274ceb4cb91ef92c631196db98ad
      size: 7086
    - path: radioml/power_averages.py
      hash: md5
      md5: c67c66fbd59c475109b1cf61998e2df0
      size: 8350
    - path: radioml/tegrastats.py
      hash: md5
      md5: d9e8f664d4a918dd3527ec6698500328
      size: 17957
    params:
      radioml/params.yaml:
        batch_sizes:
        - 1
        - 2
        - 4
        - 8
        - 16
        - 32
        - 64
        - 128
        - 256
        - 512
        - 1024
    outs:
    - path: outputs/radioml/energy_metrics/FP32/energy_consumption.json
      hash: md5
      md5: 4effcc83858735f8fc383a08531440ce
      size: 208568
    - path: outputs/radioml/energy_metrics/FP32/energy_consumption_2.json
      hash: md5
      md5: 4effcc83858735f8fc383a08531440ce
      size: 208568
    - path: outputs/radioml/energy_metrics/FP32/energy_metrics.json
      hash: md5
      md5: 591905a2d1fb1bc4a263130a0ee4b9d7
      size: 274315
    - path: outputs/radioml/energy_metrics/FP32/power_averages.json
      hash: md5
      md5: 74aa000fcd09905329e79a6bcba87dfb
      size: 2414
    - path: outputs/radioml/energy_metrics/FP32/power_averages_baseline.json
      hash: md5
      md5: beaf95f66ebe88b8243942ba90f4694a
      size: 2903
    - path: outputs/radioml/energy_metrics/FP32/power_averages_difference.json
      hash: md5
      md5: 3e65cf21c66e05aad7136ffbfd03d5a0
      size: 2936
    - path: outputs/radioml/energy_metrics/FP32/ram_metrics.json
      hash: md5
      md5: 9ce15e7b78d264428a2e1abb87cbc81b
      size: 66548
    - path: outputs/radioml/energy_metrics/FP32/ram_metrics_2.json
      hash: md5
      md5: 9ce15e7b78d264428a2e1abb87cbc81b
      size: 66548
    - path: outputs/radioml/throughput/FP32/power_throughput.json
      hash: md5
      md5: 0cf23a08dedb9bdae99a84bcd0116332
      size: 1525
  plot_32FP:
    cmd: python radioml/latency_throughput_log.py
    deps:
    - path: outputs/radioml/throughput/FP32/latency_results_batch.json
      hash: md5
      md5: c6e1b5caf42f24a88ddf4356a25b45dc
      size: 3531
    - path: outputs/radioml/throughput/FP32/throughput_results.json
      hash: md5
      md5: 766b4b2b3c9d4b27081bf062f894a9a7
      size: 1630
    - path: radioml/latency_throughput_log.py
      hash: md5
      md5: a92100165035c040ef5ae96c9180fd4e
      size: 1366
    outs:
    - path: outputs/radioml/throughput/FP32/latency_throughput.json
      hash: md5
      md5: 107a1999d5e0f9a75e1133651493958e
      size: 1332
